
Microsoft Visual Studio Solution File, Format Version 12.00
# Visual Studio Version 16
VisualStudioVersion = 16.0.28803.202
MinimumVisualStudioVersion = 10.0.40219.1
Project("{9A19103F-16F7-4668-BE54-9A1E7A4F7556}") = "Avalon", "Avalon\Avalon.csproj", "{A3739A2D-8DA6-452C-9930-FA7D90C39B4B}"
EndProject
Global
	GlobalSection(SolutionConfigurationPlatforms) = preSolution
		Debug|Any CPU = Debug|Any CPU
		Release|Any CPU = Release|Any CPU
	EndGlobalSection
	GlobalSection(ProjectConfigurationPlatforms) = postSolution
		{A3739A2D-8DA6-452C-9930-FA7D90C39B4B}.Debug|Any CPU.ActiveCfg = Debug|Any CPU
		{A3739A2D-8DA6-452C-9930-FA7D90C39B4B}.Debug|Any CPU.Build.0 = Debug|Any CPU
		{A3739A2D-8DA6-452C-9930-FA7D90C39B4B}.Release|Any CPU.ActiveCfg = Release|Any CPU
		{A3739A2D-8DA6-452C-9930-FA7D90C39B4B}.Release|Any CPU.Build.0 = Release|Any CPU
	EndGlobalSection
	GlobalSection(SolutionProperties) = preSolution
		HideSolutionNode = FALSE
	EndGlobalSection
	GlobalSection(ExtensibilityGlobals) = postSolution
		SolutionGuid = {20CBE251-494B-433A-A871-B1DEA1B6548B}
	EndGlobalSection
EndGlobal
